
Microsoft Visual Studio Solution File, Format Version 12.00
# Visual Studio Version 17
VisualStudioVersion = 17.14.36623.8 d17.14
MinimumVisualStudioVersion = 10.0.40219.1
Project("{FAE04EC0-301F-11D3-BF4B-00C04F79EFBC}") = "Telhai.DotNet.PlayerProject", "Telhai.DotNet.PlayerProject\Telhai.DotNet.PlayerProject.csproj", "{4C5F5E77-C984-4E02-ADA0-44A53E1DBC1F}"
EndProject
Global
	GlobalSection(SolutionConfigurationPlatforms) = preSolution
		Debug|Any CPU = Debug|Any CPU
		Release|Any CPU = Release|Any CPU
	EndGlobalSection
	GlobalSection(ProjectConfigurationPlatforms) = postSolution
		{4C5F5E77-C984-4E02-ADA0-44A53E1DBC1F}.Debug|Any CPU.ActiveCfg = Debug|Any CPU
		{4C5F5E77-C984-4E02-ADA0-44A53E1DBC1F}.Debug|Any CPU.Build.0 = Debug|Any CPU
		{4C5F5E77-C984-4E02-ADA0-44A53E1DBC1F}.Release|Any CPU.ActiveCfg = Release|Any CPU
		{4C5F5E77-C984-4E02-ADA0-44A53E1DBC1F}.Release|Any CPU.Build.0 = Release|Any CPU
	EndGlobalSection
	GlobalSection(SolutionProperties) = preSolution
		HideSolutionNode = FALSE
	EndGlobalSection
	GlobalSection(ExtensibilityGlobals) = postSolution
		SolutionGuid = {7188A540-B4BF-4A4D-A4B3-F8246E9AE753}
	EndGlobalSection
EndGlobal
